# @generated by Move, please check-in and do not edit manually.

[move]
version = 3
manifest_digest = "7775629D5BFE77891C7BFB5E8FE45529B76EC04E5E233C3B555F616B99A61D24"
deps_digest = "F8BBB0CCB2491CA29A3DF03D6F92277A4F3574266507ACD77214D37ECA3F3082"
dependencies = [
  { id = "Sui", name = "Sui" },
]

[[move.package]]
id = "MoveStdlib"
source = { local = "/home/ljl/sui-local/sui/crates/sui-framework/packages/move-stdlib" }

[[move.package]]
id = "Sui"
source = { local = "/home/ljl/sui-local/sui/crates/sui-framework/packages/sui-framework" }

dependencies = [
  { id = "MoveStdlib", name = "MoveStdlib" },
]

[move.toolchain-version]
compiler-version = "1.43.1"
edition = "2024.beta"
flavor = "sui"

[env]

[env.testnet]
chain-id = "4c78adac"
original-published-id = "0x571b4567a849b6c4b2d1d6fc129e95c914b667cf7841e3034e73485e8c708bec"
latest-published-id = "0x571b4567a849b6c4b2d1d6fc129e95c914b667cf7841e3034e73485e8c708bec"
published-version = "1"
