# @generated by Move, please check-in and do not edit manually.

[move]
version = 3
manifest_digest = "1620E953512AF6C5E4894FF44B2CA7887FD3C61097777F12EFD5BCACE68E40DB"
deps_digest = "F8BBB0CCB2491CA29A3DF03D6F92277A4F3574266507ACD77214D37ECA3F3082"
dependencies = [
  { id = "Sui", name = "Sui" },
]

[[move.package]]
id = "MoveStdlib"
source = { local = "/home/ljl/sui-local/sui/crates/sui-framework/packages/move-stdlib" }

[[move.package]]
id = "Sui"
source = { local = "/home/ljl/sui-local/sui/crates/sui-framework/packages/sui-framework" }

dependencies = [
  { id = "MoveStdlib", name = "MoveStdlib" },
]

[move.toolchain-version]
compiler-version = "1.43.1"
edition = "2024.beta"
flavor = "sui"

[env]

[env.testnet]
chain-id = "4c78adac"
original-published-id = "0xbe68a49f044066855d79bc09cd9a355f8f5c4da35a698e13ed306d05076ed386"
latest-published-id = "0xbe68a49f044066855d79bc09cd9a355f8f5c4da35a698e13ed306d05076ed386"
published-version = "1"
