# @generated by Move, please check-in and do not edit manually.

[move]
version = 3
manifest_digest = "1D174490F814361A1B02EDC58A6CF0722A9D5CD397BD0E6ADCCBF78EB029D0A6"
deps_digest = "F8BBB0CCB2491CA29A3DF03D6F92277A4F3574266507ACD77214D37ECA3F3082"
dependencies = [
  { id = "Sui", name = "Sui" },
]

[[move.package]]
id = "MoveStdlib"
source = { local = "/home/ljl/sui-local/sui/crates/sui-framework/packages/move-stdlib" }

[[move.package]]
id = "Sui"
source = { local = "/home/ljl/sui-local/sui/crates/sui-framework/packages/sui-framework" }

dependencies = [
  { id = "MoveStdlib", name = "MoveStdlib" },
]

[move.toolchain-version]
compiler-version = "1.44.3"
edition = "2024.beta"
flavor = "sui"

[env]

[env.testnet]
chain-id = "4c78adac"
original-published-id = "0xe965189ae5282ce5f788c39923a6ed0687fdcfa6e3e6db585621bf7ef085268c"
latest-published-id = "0xe965189ae5282ce5f788c39923a6ed0687fdcfa6e3e6db585621bf7ef085268c"
published-version = "1"
