# @generated by Move, please check-in and do not edit manually.

[move]
version = 3
manifest_digest = "2C956C2BE0D35BEF5E57A5E2B63313AA78A9D45E29626AAC825AB0505374BEE8"
deps_digest = "3C4103934B1E040BB6B23F1D610B4EF9F2F1166A50A104EADCF77467C004C600"
dependencies = [
  { id = "Sui", name = "Sui" },
  { id = "coin_manager", name = "coin_manager" },
]

[[move.package]]
id = "MoveStdlib"
source = { local = "/home/ljl/sui-local/sui/crates/sui-framework/packages/move-stdlib" }

[[move.package]]
id = "Sui"
source = { local = "/home/ljl/sui-local/sui/crates/sui-framework/packages/sui-framework" }

dependencies = [
  { id = "MoveStdlib", name = "MoveStdlib" },
]

[[move.package]]
id = "coin_manager"
source = { local = "../coin_manager" }

dependencies = [
  { id = "Sui", name = "Sui" },
]

[move.toolchain-version]
compiler-version = "1.44.3"
edition = "2024.beta"
flavor = "sui"
