# @generated by Move, please check-in and do not edit manually.

[move]
version = 3
manifest_digest = "0F77F32120294B6C2A08B456CF69AA8955C4AB30F728554B782CF5365505990D"
deps_digest = "3C4103934B1E040BB6B23F1D610B4EF9F2F1166A50A104EADCF77467C004C600"
dependencies = [
  { id = "Sui", name = "Sui" },
  { id = "coin_manager", name = "coin_manager" },
]

[[move.package]]
id = "MoveStdlib"
source = { local = "/home/ljl/sui-local/sui/crates/sui-framework/packages/move-stdlib" }

[[move.package]]
id = "Sui"
source = { local = "/home/ljl/sui-local/sui/crates/sui-framework/packages/sui-framework" }

dependencies = [
  { id = "MoveStdlib", name = "MoveStdlib" },
]

[[move.package]]
id = "coin_manager"
source = { local = "../coin_manager" }

dependencies = [
  { id = "Sui", name = "Sui" },
]
